{
  "name": "work2005",
  "version": "1.0.0",
  "lockfileVersion": 3,
  "requires": true,
  "packages": {
    "": {
      "name": "work2005",
      "version": "1.0.0",
      "license": "ISC",
      "dependencies": {
        "arr_prime_numbers": "^1.0.0"
      }
    },
    "node_modules/arr_prime_numbers": {
      "version": "1.0.0",
      "resolved": "https://registry.npmjs.org/arr_prime_numbers/-/arr_prime_numbers-1.0.0.tgz",
      "integrity": "sha512-JbQHV8CHHS19u50DFV8NprwZL8Vdm2vjWLgSMV4SuH28DLP2YWn2jeajucQEgub2VvdzWxc+s2Za6k4dzBSWTg=="
    }
  }
}
